
Microsoft Visual Studio Solution File, Format Version 12.00
# Visual Studio 15
VisualStudioVersion = 15.0.27130.2020
MinimumVisualStudioVersion = 10.0.40219.1
Project("{FAE04EC0-301F-11D3-BF4B-00C04F79EFBC}") = "Tester", "Tester\Tester.csproj", "{80A847DC-EEF0-4E62-B198-A20C8A17995B}"
EndProject
Project("{FAE04EC0-301F-11D3-BF4B-00C04F79EFBC}") = "DAL", "DAL\DAL.csproj", "{35FD7949-08C7-48A9-A55B-BADB227F51C3}"
EndProject
Project("{FAE04EC0-301F-11D3-BF4B-00C04F79EFBC}") = "Dto", "Dto\Dto.csproj", "{64C4DCD3-6284-43C6-B9D9-86DBE169F459}"
EndProject
Global
	GlobalSection(SolutionConfigurationPlatforms) = preSolution
		Debug|Any CPU = Debug|Any CPU
		Release|Any CPU = Release|Any CPU
	EndGlobalSection
	GlobalSection(ProjectConfigurationPlatforms) = postSolution
		{80A847DC-EEF0-4E62-B198-A20C8A17995B}.Debug|Any CPU.ActiveCfg = Debug|Any CPU
		{80A847DC-EEF0-4E62-B198-A20C8A17995B}.Debug|Any CPU.Build.0 = Debug|Any CPU
		{80A847DC-EEF0-4E62-B198-A20C8A17995B}.Release|Any CPU.ActiveCfg = Release|Any CPU
		{80A847DC-EEF0-4E62-B198-A20C8A17995B}.Release|Any CPU.Build.0 = Release|Any CPU
		{35FD7949-08C7-48A9-A55B-BADB227F51C3}.Debug|Any CPU.ActiveCfg = Debug|Any CPU
		{35FD7949-08C7-48A9-A55B-BADB227F51C3}.Debug|Any CPU.Build.0 = Debug|Any CPU
		{35FD7949-08C7-48A9-A55B-BADB227F51C3}.Release|Any CPU.ActiveCfg = Release|Any CPU
		{35FD7949-08C7-48A9-A55B-BADB227F51C3}.Release|Any CPU.Build.0 = Release|Any CPU
		{64C4DCD3-6284-43C6-B9D9-86DBE169F459}.Debug|Any CPU.ActiveCfg = Debug|Any CPU
		{64C4DCD3-6284-43C6-B9D9-86DBE169F459}.Debug|Any CPU.Build.0 = Debug|Any CPU
		{64C4DCD3-6284-43C6-B9D9-86DBE169F459}.Release|Any CPU.ActiveCfg = Release|Any CPU
		{64C4DCD3-6284-43C6-B9D9-86DBE169F459}.Release|Any CPU.Build.0 = Release|Any CPU
	EndGlobalSection
	GlobalSection(SolutionProperties) = preSolution
		HideSolutionNode = FALSE
	EndGlobalSection
	GlobalSection(ExtensibilityGlobals) = postSolution
		SolutionGuid = {A2F9AEA0-A50B-48F6-AE1B-B7401FD4F3F0}
	EndGlobalSection
EndGlobal
